
Microsoft Visual Studio Solution File, Format Version 12.00
# Visual Studio Version 17
VisualStudioVersion = 17.7.34024.191
MinimumVisualStudioVersion = 10.0.40219.1
Project("{9A19103F-16F7-4668-BE54-9A1E7A4F7556}") = "Demo.PL", "Demo.PL\Demo.PL.csproj", "{9F53EBCD-99D3-4DCF-9908-EFD58A310EBD}"
EndProject
Project("{9A19103F-16F7-4668-BE54-9A1E7A4F7556}") = "Demo.DAL", "Demo.DAL\Demo.DAL.csproj", "{CE732F23-7CB8-4661-A871-FE18B3749E44}"
EndProject
Project("{9A19103F-16F7-4668-BE54-9A1E7A4F7556}") = "Demo.BLL", "Demo.BLL\Demo.BLL.csproj", "{6E7A9AA7-B0BB-4423-A645-3A51FF238C37}"
EndProject
Global
	GlobalSection(SolutionConfigurationPlatforms) = preSolution
		Debug|Any CPU = Debug|Any CPU
		Release|Any CPU = Release|Any CPU
	EndGlobalSection
	GlobalSection(ProjectConfigurationPlatforms) = postSolution
		{9F53EBCD-99D3-4DCF-9908-EFD58A310EBD}.Debug|Any CPU.ActiveCfg = Debug|Any CPU
		{9F53EBCD-99D3-4DCF-9908-EFD58A310EBD}.Debug|Any CPU.Build.0 = Debug|Any CPU
		{9F53EBCD-99D3-4DCF-9908-EFD58A310EBD}.Release|Any CPU.ActiveCfg = Release|Any CPU
		{9F53EBCD-99D3-4DCF-9908-EFD58A310EBD}.Release|Any CPU.Build.0 = Release|Any CPU
		{CE732F23-7CB8-4661-A871-FE18B3749E44}.Debug|Any CPU.ActiveCfg = Debug|Any CPU
		{CE732F23-7CB8-4661-A871-FE18B3749E44}.Debug|Any CPU.Build.0 = Debug|Any CPU
		{CE732F23-7CB8-4661-A871-FE18B3749E44}.Release|Any CPU.ActiveCfg = Release|Any CPU
		{CE732F23-7CB8-4661-A871-FE18B3749E44}.Release|Any CPU.Build.0 = Release|Any CPU
		{6E7A9AA7-B0BB-4423-A645-3A51FF238C37}.Debug|Any CPU.ActiveCfg = Debug|Any CPU
		{6E7A9AA7-B0BB-4423-A645-3A51FF238C37}.Debug|Any CPU.Build.0 = Debug|Any CPU
		{6E7A9AA7-B0BB-4423-A645-3A51FF238C37}.Release|Any CPU.ActiveCfg = Release|Any CPU
		{6E7A9AA7-B0BB-4423-A645-3A51FF238C37}.Release|Any CPU.Build.0 = Release|Any CPU
	EndGlobalSection
	GlobalSection(SolutionProperties) = preSolution
		HideSolutionNode = FALSE
	EndGlobalSection
EndGlobal
